
Microsoft Visual Studio Solution File, Format Version 12.00
# Visual Studio Version 17
VisualStudioVersion = 17.0.31903.59
MinimumVisualStudioVersion = 10.0.40219.1
Project("{FAE04EC0-301F-11D3-BF4B-00C04F79EFBC}") = "ADP_Implementations", "ADP_Implementations\ADP_Implementations.csproj", "{DB8B4DEA-3344-4365-A8B1-0B3BD9267B10}"
EndProject
Project("{FAE04EC0-301F-11D3-BF4B-00C04F79EFBC}") = "ADP_Implementation_UnitTests", "ADP_Implementation_UnitTests\ADP_Implementation_UnitTests.csproj", "{67AF1912-6077-4FE3-8AA1-1D5A778559C5}"
EndProject
Project("{FAE04EC0-301F-11D3-BF4B-00C04F79EFBC}") = "ADP_Implementations_HANTests", "ADP_Implementations_HANTests\ADP_Implementations_HANTests.csproj", "{C26A283B-3758-4CD1-816D-B03E3F15B481}"
EndProject
Project("{FAE04EC0-301F-11D3-BF4B-00C04F79EFBC}") = "ADP_Implementations_Benchmarks", "ADP_Implementations_Benchmarks\ADP_Implementations_Benchmarks.csproj", "{18F3804E-7689-4CBF-9E53-D5C826503BD1}"
EndProject
Project("{FAE04EC0-301F-11D3-BF4B-00C04F79EFBC}") = "ADP_Implementation_TestData", "ADP_Implementation_TestData\ADP_Implementation_TestData.csproj", "{42AA941F-032F-4785-BDBB-FF74E3ED04DF}"
EndProject
Global
	GlobalSection(SolutionConfigurationPlatforms) = preSolution
		Debug|Any CPU = Debug|Any CPU
		Release|Any CPU = Release|Any CPU
	EndGlobalSection
	GlobalSection(SolutionProperties) = preSolution
		HideSolutionNode = FALSE
	EndGlobalSection
	GlobalSection(ProjectConfigurationPlatforms) = postSolution
		{DB8B4DEA-3344-4365-A8B1-0B3BD9267B10}.Debug|Any CPU.ActiveCfg = Debug|Any CPU
		{DB8B4DEA-3344-4365-A8B1-0B3BD9267B10}.Debug|Any CPU.Build.0 = Debug|Any CPU
		{DB8B4DEA-3344-4365-A8B1-0B3BD9267B10}.Release|Any CPU.ActiveCfg = Release|Any CPU
		{DB8B4DEA-3344-4365-A8B1-0B3BD9267B10}.Release|Any CPU.Build.0 = Release|Any CPU
		{67AF1912-6077-4FE3-8AA1-1D5A778559C5}.Debug|Any CPU.ActiveCfg = Debug|Any CPU
		{67AF1912-6077-4FE3-8AA1-1D5A778559C5}.Debug|Any CPU.Build.0 = Debug|Any CPU
		{67AF1912-6077-4FE3-8AA1-1D5A778559C5}.Release|Any CPU.ActiveCfg = Release|Any CPU
		{67AF1912-6077-4FE3-8AA1-1D5A778559C5}.Release|Any CPU.Build.0 = Release|Any CPU
		{C26A283B-3758-4CD1-816D-B03E3F15B481}.Debug|Any CPU.ActiveCfg = Debug|Any CPU
		{C26A283B-3758-4CD1-816D-B03E3F15B481}.Debug|Any CPU.Build.0 = Debug|Any CPU
		{C26A283B-3758-4CD1-816D-B03E3F15B481}.Release|Any CPU.ActiveCfg = Release|Any CPU
		{C26A283B-3758-4CD1-816D-B03E3F15B481}.Release|Any CPU.Build.0 = Release|Any CPU
		{18F3804E-7689-4CBF-9E53-D5C826503BD1}.Debug|Any CPU.ActiveCfg = Debug|Any CPU
		{18F3804E-7689-4CBF-9E53-D5C826503BD1}.Debug|Any CPU.Build.0 = Debug|Any CPU
		{18F3804E-7689-4CBF-9E53-D5C826503BD1}.Release|Any CPU.ActiveCfg = Release|Any CPU
		{18F3804E-7689-4CBF-9E53-D5C826503BD1}.Release|Any CPU.Build.0 = Release|Any CPU
		{42AA941F-032F-4785-BDBB-FF74E3ED04DF}.Debug|Any CPU.ActiveCfg = Debug|Any CPU
		{42AA941F-032F-4785-BDBB-FF74E3ED04DF}.Debug|Any CPU.Build.0 = Debug|Any CPU
		{42AA941F-032F-4785-BDBB-FF74E3ED04DF}.Release|Any CPU.ActiveCfg = Release|Any CPU
		{42AA941F-032F-4785-BDBB-FF74E3ED04DF}.Release|Any CPU.Build.0 = Release|Any CPU
	EndGlobalSection
EndGlobal
